
Microsoft Visual Studio Solution File, Format Version 12.00
# Visual Studio 15
VisualStudioVersion = 15.0.27004.2006
MinimumVisualStudioVersion = 10.0.40219.1
Project("{9A19103F-16F7-4668-BE54-9A1E7A4F7556}") = "MementoFX.Persistence.EmbeddedRavenDB", "src\MementoFX.Persistence.EmbeddedRavenDB\MementoFX.Persistence.EmbeddedRavenDB.csproj", "{99F143E6-8764-4D53-92FE-B6EDAA72E229}"
EndProject
Project("{9A19103F-16F7-4668-BE54-9A1E7A4F7556}") = "MementoFX.Persistence.EmbeddedRavenDB.Tests", "src\MementoFX.Persistence.EmbeddedRavenDB.Tests\MementoFX.Persistence.EmbeddedRavenDB.Tests.csproj", "{646FF4D6-904C-4BCA-8DDD-FAF92E52FC69}"
EndProject
Global
	GlobalSection(SolutionConfigurationPlatforms) = preSolution
		Debug|Any CPU = Debug|Any CPU
		Debug|x86 = Debug|x86
		Release|Any CPU = Release|Any CPU
		Release|x86 = Release|x86
	EndGlobalSection
	GlobalSection(ProjectConfigurationPlatforms) = postSolution
		{99F143E6-8764-4D53-92FE-B6EDAA72E229}.Debug|Any CPU.ActiveCfg = Debug|Any CPU
		{99F143E6-8764-4D53-92FE-B6EDAA72E229}.Debug|Any CPU.Build.0 = Debug|Any CPU
		{99F143E6-8764-4D53-92FE-B6EDAA72E229}.Debug|x86.ActiveCfg = Debug|Any CPU
		{99F143E6-8764-4D53-92FE-B6EDAA72E229}.Debug|x86.Build.0 = Debug|Any CPU
		{99F143E6-8764-4D53-92FE-B6EDAA72E229}.Release|Any CPU.ActiveCfg = Release|Any CPU
		{99F143E6-8764-4D53-92FE-B6EDAA72E229}.Release|Any CPU.Build.0 = Release|Any CPU
		{99F143E6-8764-4D53-92FE-B6EDAA72E229}.Release|x86.ActiveCfg = Release|Any CPU
		{99F143E6-8764-4D53-92FE-B6EDAA72E229}.Release|x86.Build.0 = Release|Any CPU
		{646FF4D6-904C-4BCA-8DDD-FAF92E52FC69}.Debug|Any CPU.ActiveCfg = Debug|Any CPU
		{646FF4D6-904C-4BCA-8DDD-FAF92E52FC69}.Debug|Any CPU.Build.0 = Debug|Any CPU
		{646FF4D6-904C-4BCA-8DDD-FAF92E52FC69}.Debug|x86.ActiveCfg = Debug|Any CPU
		{646FF4D6-904C-4BCA-8DDD-FAF92E52FC69}.Debug|x86.Build.0 = Debug|Any CPU
		{646FF4D6-904C-4BCA-8DDD-FAF92E52FC69}.Release|Any CPU.ActiveCfg = Release|Any CPU
		{646FF4D6-904C-4BCA-8DDD-FAF92E52FC69}.Release|Any CPU.Build.0 = Release|Any CPU
		{646FF4D6-904C-4BCA-8DDD-FAF92E52FC69}.Release|x86.ActiveCfg = Release|Any CPU
		{646FF4D6-904C-4BCA-8DDD-FAF92E52FC69}.Release|x86.Build.0 = Release|Any CPU
	EndGlobalSection
	GlobalSection(SolutionProperties) = preSolution
		HideSolutionNode = FALSE
	EndGlobalSection
	GlobalSection(ExtensibilityGlobals) = postSolution
		SolutionGuid = {1D2C47B8-C1A5-4B51-A2E0-DAAFC6A8E182}
	EndGlobalSection
EndGlobal
